// !$*UTF8*$!
{
	archiveVersion = 1;
	classes = {
	};
	objectVersion = 50;
	objects = {

/* Begin PBXBuildFile section */
		9F5CE5B626C0C75D00C3BD9C /* AppDelegate.swift in Sources */ = {isa = PBXBuildFile; fileRef = 9F5CE5B526C0C75D00C3BD9C /* AppDelegate.swift */; };
		9F5CE5B826C0C75D00C3BD9C /* SceneDelegate.swift in Sources */ = {isa = PBXBuildFile; fileRef = 9F5CE5B726C0C75D00C3BD9C /* SceneDelegate.swift */; };
		9F5CE5BA26C0C75D00C3BD9C /* ViewController.swift in Sources */ = {isa = PBXBuildFile; fileRef = 9F5CE5B926C0C75D00C3BD9C /* ViewController.swift */; };
		9F5CE5BD26C0C75D00C3BD9C /* Main.storyboard in Resources */ = {isa = PBXBuildFile; fileRef = 9F5CE5BB26C0C75D00C3BD9C /* Main.storyboard */; };
		9F5CE5BF26C0C75D00C3BD9C /* Assets.xcassets in Resources */ = {isa = PBXBuildFile; fileRef = 9F5CE5BE26C0C75D00C3BD9C /* Assets.xcassets */; };
		9F5CE5C226C0C75D00C3BD9C /* LaunchScreen.storyboard in Resources */ = {isa = PBXBuildFile; fileRef = 9F5CE5C026C0C75D00C3BD9C /* LaunchScreen.storyboard */; };
		C5EF84B418C085266B0A8861 /* Pods_TestMap.framework in Frameworks */ = {isa = PBXBuildFile; fileRef = 30C008F4A656CFEADBC653F0 /* Pods_TestMap.framework */; };
/* End PBXBuildFile section */

/* Begin PBXFileReference section */
		30C008F4A656CFEADBC653F0 /* Pods_TestMap.framework */ = {isa = PBXFileReference; explicitFileType = wrapper.framework; includeInIndex = 0; path = Pods_TestMap.framework; sourceTree = BUILT_PRODUCTS_DIR; };
		3F432A91BB39470ACC4DA5E8 /* Pods-TestMap.release.xcconfig */ = {isa = PBXFileReference; includeInIndex = 1; lastKnownFileType = text.xcconfig; name = "Pods-TestMap.release.xcconfig"; path = "Target Support Files/Pods-TestMap/Pods-TestMap.release.xcconfig"; sourceTree = "<group>"; };
		9F5CE5B226C0C75D00C3BD9C /* TestMap.app */ = {isa = PBXFileReference; explicitFileType = wrapper.application; includeInIndex = 0; path = TestMap.app; sourceTree = BUILT_PRODUCTS_DIR; };
		9F5CE5B526C0C75D00C3BD9C /* AppDelegate.swift */ = {isa = PBXFileReference; lastKnownFileType = sourcecode.swift; path = AppDelegate.swift; sourceTree = "<group>"; };
		9F5CE5B726C0C75D00C3BD9C /* SceneDelegate.swift */ = {isa = PBXFileReference; lastKnownFileType = sourcecode.swift; path = SceneDelegate.swift; sourceTree = "<group>"; };
		9F5CE5B926C0C75D00C3BD9C /* ViewController.swift */ = {isa = PBXFileReference; lastKnownFileType = sourcecode.swift; path = ViewController.swift; sourceTree = "<group>"; };
		9F5CE5BC26C0C75D00C3BD9C /* Base */ = {isa = PBXFileReference; lastKnownFileType = file.storyboard; name = Base; path = Base.lproj/Main.storyboard; sourceTree = "<group>"; };
		9F5CE5BE26C0C75D00C3BD9C /* Assets.xcassets */ = {isa = PBXFileReference; lastKnownFileType = folder.assetcatalog; path = Assets.xcassets; sourceTree = "<group>"; };
		9F5CE5C126C0C75D00C3BD9C /* Base */ = {isa = PBXFileReference; lastKnownFileType = file.storyboard; name = Base; path = Base.lproj/LaunchScreen.storyboard; sourceTree = "<group>"; };
		9F5CE5C326C0C75D00C3BD9C /* Info.plist */ = {isa = PBXFileReference; lastKnownFileType = text.plist.xml; path = Info.plist; sourceTree = "<group>"; };
		F83D67E8044232A5D65DB14D /* Pods-TestMap.debug.xcconfig */ = {isa = PBXFileReference; includeInIndex = 1; lastKnownFileType = text.xcconfig; name = "Pods-TestMap.debug.xcconfig"; path = "Target Support Files/Pods-TestMap/Pods-TestMap.debug.xcconfig"; sourceTree = "<group>"; };
/* End PBXFileReference section */

/* Begin PBXFrameworksBuildPhase section */
		9F5CE5AF26C0C75D00C3BD9C /* Frameworks */ = {
			isa = PBXFrameworksBuildPhase;
			buildActionMask = 2147483647;
			files = (
				C5EF84B418C085266B0A8861 /* Pods_TestMap.framework in Frameworks */,
			);
			runOnlyForDeploymentPostprocessing = 0;
		};
/* End PBXFrameworksBuildPhase section */

/* Begin PBXGroup section */
		0EF81F335852ABED6B3FFBAE /* Pods */ = {
			isa = PBXGroup;
			children = (
				F83D67E8044232A5D65DB14D /* Pods-TestMap.debug.xcconfig */,
				3F432A91BB39470ACC4DA5E8 /* Pods-TestMap.release.xcconfig */,
			);
			path = Pods;
			sourceTree = "<group>";
		};
		11A6A7A43C44A74986718FD1 /* Frameworks */ = {
			isa = PBXGroup;
			children = (
				30C008F4A656CFEADBC653F0 /* Pods_TestMap.framework */,
			);
			name = Frameworks;
			sourceTree = "<group>";
		};
		9F5CE5A926C0C75D00C3BD9C = {
			isa = PBXGroup;
			children = (
				9F5CE5B426C0C75D00C3BD9C /* TestMap */,
				9F5CE5B326C0C75D00C3BD9C /* Products */,
				0EF81F335852ABED6B3FFBAE /* Pods */,
				11A6A7A43C44A74986718FD1 /* Frameworks */,
			);
			sourceTree = "<group>";
		};
		9F5CE5B326C0C75D00C3BD9C /* Products */ = {
			isa = PBXGroup;
			children = (
				9F5CE5B226C0C75D00C3BD9C /* TestMap.app */,
			);
			name = Products;
			sourceTree = "<group>";
		};
		9F5CE5B426C0C75D00C3BD9C /* TestMap */ = {
			isa = PBXGroup;
			children = (
				9F5CE5B526C0C75D00C3BD9C /* AppDelegate.swift */,
				9F5CE5B726C0C75D00C3BD9C /* SceneDelegate.swift */,
				9F5CE5B926C0C75D00C3BD9C /* ViewController.swift */,
				9F5CE5BB26C0C75D00C3BD9C /* Main.storyboard */,
				9F5CE5BE26C0C75D00C3BD9C /* Assets.xcassets */,
				9F5CE5C026C0C75D00C3BD9C /* LaunchScreen.storyboard */,
				9F5CE5C326C0C75D00C3BD9C /* Info.plist */,
			);
			path = TestMap;
			sourceTree = "<group>";
		};
/* End PBXGroup section */

/* Begin PBXNativeTarget section */
		9F5CE5B126C0C75D00C3BD9C /* TestMap */ = {
			isa = PBXNativeTarget;
			buildConfigurationList = 9F5CE5C626C0C75D00C3BD9C /* Build configuration list for PBXNativeTarget "TestMap" */;
			buildPhases = (
				FCD35E1EA6C831C09FB77CB1 /* [CP] Check Pods Manifest.lock */,
				9F5CE5AE26C0C75D00C3BD9C /* Sources */,
				9F5CE5AF26C0C75D00C3BD9C /* Frameworks */,
				9F5CE5B026C0C75D00C3BD9C /* Resources */,
				3DF2F79E63B9E0FE234AB740 /* [CP] Embed Pods Frameworks */,
			);
			buildRules = (
			);
			dependencies = (
			);
			name = TestMap;
			productName = TestMap;
			productReference = 9F5CE5B226C0C75D00C3BD9C /* TestMap.app */;
			productType = "com.apple.product-type.application";
		};
/* End PBXNativeTarget section */

/* Begin PBXProject section */
		9F5CE5AA26C0C75D00C3BD9C /* Project object */ = {
			isa = PBXProject;
			attributes = {
				LastSwiftUpdateCheck = 1250;
				LastUpgradeCheck = 1250;
				TargetAttributes = {
					9F5CE5B126C0C75D00C3BD9C = {
						CreatedOnToolsVersion = 12.5.1;
					};
				};
			};
			buildConfigurationList = 9F5CE5AD26C0C75D00C3BD9C /* Build configuration list for PBXProject "TestMap" */;
			compatibilityVersion = "Xcode 9.3";
			developmentRegion = en;
			hasScannedForEncodings = 0;
			knownRegions = (
				en,
				Base,
			);
			mainGroup = 9F5CE5A926C0C75D00C3BD9C;
			productRefGroup = 9F5CE5B326C0C75D00C3BD9C /* Products */;
			projectDirPath = "";
			projectRoot = "";
			targets = (
				9F5CE5B126C0C75D00C3BD9C /* TestMap */,
			);
		};
/* End PBXProject section */

/* Begin PBXResourcesBuildPhase section */
		9F5CE5B026C0C75D00C3BD9C /* Resources */ = {
			isa = PBXResourcesBuildPhase;
			buildActionMask = 2147483647;
			files = (
				9F5CE5C226C0C75D00C3BD9C /* LaunchScreen.storyboard in Resources */,
				9F5CE5BF26C0C75D00C3BD9C /* Assets.xcassets in Resources */,
				9F5CE5BD26C0C75D00C3BD9C /* Main.storyboard in Resources */,
			);
			runOnlyForDeploymentPostprocessing = 0;
		};
/* End PBXResourcesBuildPhase section */

/* Begin PBXShellScriptBuildPhase section */
		3DF2F79E63B9E0FE234AB740 /* [CP] Embed Pods Frameworks */ = {
			isa = PBXShellScriptBuildPhase;
			buildActionMask = 2147483647;
			files = (
			);
			inputFileListPaths = (
				"${PODS_ROOT}/Target Support Files/Pods-TestMap/Pods-TestMap-frameworks-${CONFIGURATION}-input-files.xcfilelist",
			);
			name = "[CP] Embed Pods Frameworks";
			outputFileListPaths = (
				"${PODS_ROOT}/Target Support Files/Pods-TestMap/Pods-TestMap-frameworks-${CONFIGURATION}-output-files.xcfilelist",
			);
			runOnlyForDeploymentPostprocessing = 0;
			shellPath = /bin/sh;
			shellScript = "\"${PODS_ROOT}/Target Support Files/Pods-TestMap/Pods-TestMap-frameworks.sh\"\n";
			showEnvVarsInLog = 0;
		};
		FCD35E1EA6C831C09FB77CB1 /* [CP] Check Pods Manifest.lock */ = {
			isa = PBXShellScriptBuildPhase;
			buildActionMask = 2147483647;
			files = (
			);
			inputFileListPaths = (
			);
			inputPaths = (
				"${PODS_PODFILE_DIR_PATH}/Podfile.lock",
				"${PODS_ROOT}/Manifest.lock",
			);
			name = "[CP] Check Pods Manifest.lock";
			outputFileListPaths = (
			);
			outputPaths = (
				"$(DERIVED_FILE_DIR)/Pods-TestMap-checkManifestLockResult.txt",
			);
			runOnlyForDeploymentPostprocessing = 0;
			shellPath = /bin/sh;
			shellScript = "diff \"${PODS_PODFILE_DIR_PATH}/Podfile.lock\" \"${PODS_ROOT}/Manifest.lock\" > /dev/null\nif [ $? != 0 ] ; then\n    # print error to STDERR\n    echo \"error: The sandbox is not in sync with the Podfile.lock. Run 'pod install' or update your CocoaPods installation.\" >&2\n    exit 1\nfi\n# This output is used by Xcode 'outputs' to avoid re-running this script phase.\necho \"SUCCESS\" > \"${SCRIPT_OUTPUT_FILE_0}\"\n";
			showEnvVarsInLog = 0;
		};
/* End PBXShellScriptBuildPhase section */

/* Begin PBXSourcesBuildPhase section */
		9F5CE5AE26C0C75D00C3BD9C /* Sources */ = {
			isa = PBXSourcesBuildPhase;
			buildActionMask = 2147483647;
			files = (
				9F5CE5BA26C0C75D00C3BD9C /* ViewController.swift in Sources */,
				9F5CE5B626C0C75D00C3BD9C /* AppDelegate.swift in Sources */,
				9F5CE5B826C0C75D00C3BD9C /* SceneDelegate.swift in Sources */,
			);
			runOnlyForDeploymentPostprocessing = 0;
		};
/* End PBXSourcesBuildPhase section */

/* Begin PBXVariantGroup section */
		9F5CE5BB26C0C75D00C3BD9C /* Main.storyboard */ = {
			isa = PBXVariantGroup;
			children = (
				9F5CE5BC26C0C75D00C3BD9C /* Base */,
			);
			name = Main.storyboard;
			sourceTree = "<group>";
		};
		9F5CE5C026C0C75D00C3BD9C /* LaunchScreen.storyboard */ = {
			isa = PBXVariantGroup;
			children = (
				9F5CE5C126C0C75D00C3BD9C /* Base */,
			);
			name = LaunchScreen.storyboard;
			sourceTree = "<group>";
		};
/* End PBXVariantGroup section */

/* Begin XCBuildConfiguration section */
		9F5CE5C426C0C75D00C3BD9C /* Debug */ = {
			isa = XCBuildConfiguration;
			buildSettings = {
				ALWAYS_SEARCH_USER_PATHS = NO;
				CLANG_ANALYZER_NONNULL = YES;
				CLANG_ANALYZER_NUMBER_OBJECT_CONVERSION = YES_AGGRESSIVE;
				CLANG_CXX_LANGUAGE_STANDARD = "gnu++14";
				CLANG_CXX_LIBRARY = "libc++";
				CLANG_ENABLE_MODULES = YES;
				CLANG_ENABLE_OBJC_ARC = YES;
				CLANG_ENABLE_OBJC_WEAK = YES;
				CLANG_WARN_BLOCK_CAPTURE_AUTORELEASING = YES;
				CLANG_WARN_BOOL_CONVERSION = YES;
				CLANG_WARN_COMMA = YES;
				CLANG_WARN_CONSTANT_CONVERSION = YES;
				CLANG_WARN_DEPRECATED_OBJC_IMPLEMENTATIONS = YES;
				CLANG_WARN_DIRECT_OBJC_ISA_USAGE = YES_ERROR;
				CLANG_WARN_DOCUMENTATION_COMMENTS = YES;
				CLANG_WARN_EMPTY_BODY = YES;
				CLANG_WARN_ENUM_CONVERSION = YES;
				CLANG_WARN_INFINITE_RECURSION = YES;
				CLANG_WARN_INT_CONVERSION = YES;
				CLANG_WARN_NON_LITERAL_NULL_CONVERSION = YES;
				CLANG_WARN_OBJC_IMPLICIT_RETAIN_SELF = YES;
				CLANG_WARN_OBJC_LITERAL_CONVERSION = YES;
				CLANG_WARN_OBJC_ROOT_CLASS = YES_ERROR;
				CLANG_WARN_QUOTED_INCLUDE_IN_FRAMEWORK_HEADER = YES;
				CLANG_WARN_RANGE_LOOP_ANALYSIS = YES;
				CLANG_WARN_STRICT_PROTOTYPES = YES;
				CLANG_WARN_SUSPICIOUS_MOVE = YES;
				CLANG_WARN_UNGUARDED_AVAILABILITY = YES_AGGRESSIVE;
				CLANG_WARN_UNREACHABLE_CODE = YES;
				CLANG_WARN__DUPLICATE_METHOD_MATCH = YES;
				COPY_PHASE_STRIP = NO;
				DEBUG_INFORMATION_FORMAT = dwarf;
				ENABLE_STRICT_OBJC_MSGSEND = YES;
				ENABLE_TESTABILITY = YES;
				GCC_C_LANGUAGE_STANDARD = gnu11;
				GCC_DYNAMIC_NO_PIC = NO;
				GCC_NO_COMMON_BLOCKS = YES;
				GCC_OPTIMIZATION_LEVEL = 0;
				GCC_PREPROCESSOR_DEFINITIONS = (
					"DEBUG=1",
					"$(inherited)",
				);
				GCC_WARN_64_TO_32_BIT_CONVERSION = YES;
				GCC_WARN_ABOUT_RETURN_TYPE = YES_ERROR;
				GCC_WARN_UNDECLARED_SELECTOR = YES;
				GCC_WARN_UNINITIALIZED_AUTOS = YES_AGGRESSIVE;
				GCC_WARN_UNUSED_FUNCTION = YES;
				GCC_WARN_UNUSED_VARIABLE = YES;
				IPHONEOS_DEPLOYMENT_TARGET = 14.5;
				MTL_ENABLE_DEBUG_INFO = INCLUDE_SOURCE;
				MTL_FAST_MATH = YES;
				ONLY_ACTIVE_ARCH = YES;
				SDKROOT = iphoneos;
				SWIFT_ACTIVE_COMPILATION_CONDITIONS = DEBUG;
				SWIFT_OPTIMIZATION_LEVEL = "-Onone";
			};
			name = Debug;
		};
		9F5CE5C526C0C75D00C3BD9C /* Release */ = {
			isa = XCBuildConfiguration;
			buildSettings = {
				ALWAYS_SEARCH_USER_PATHS = NO;
				CLANG_ANALYZER_NONNULL = YES;
				CLANG_ANALYZER_NUMBER_OBJECT_CONVERSION = YES_AGGRESSIVE;
				CLANG_CXX_LANGUAGE_STANDARD = "gnu++14";
				CLANG_CXX_LIBRARY = "libc++";
				CLANG_ENABLE_MODULES = YES;
				CLANG_ENABLE_OBJC_ARC = YES;
				CLANG_ENABLE_OBJC_WEAK = YES;
				CLANG_WARN_BLOCK_CAPTURE_AUTORELEASING = YES;
				CLANG_WARN_BOOL_CONVERSION = YES;
				CLANG_WARN_COMMA = YES;
				CLANG_WARN_CONSTANT_CONVERSION = YES;
				CLANG_WARN_DEPRECATED_OBJC_IMPLEMENTATIONS = YES;
				CLANG_WARN_DIRECT_OBJC_ISA_USAGE = YES_ERROR;
				CLANG_WARN_DOCUMENTATION_COMMENTS = YES;
				CLANG_WARN_EMPTY_BODY = YES;
				CLANG_WARN_ENUM_CONVERSION = YES;
				CLANG_WARN_INFINITE_RECURSION = YES;
				CLANG_WARN_INT_CONVERSION = YES;
				CLANG_WARN_NON_LITERAL_NULL_CONVERSION = YES;
				CLANG_WARN_OBJC_IMPLICIT_RETAIN_SELF = YES;
				CLANG_WARN_OBJC_LITERAL_CONVERSION = YES;
				CLANG_WARN_OBJC_ROOT_CLASS = YES_ERROR;
				CLANG_WARN_QUOTED_INCLUDE_IN_FRAMEWORK_HEADER = YES;
				CLANG_WARN_RANGE_LOOP_ANALYSIS = YES;
				CLANG_WARN_STRICT_PROTOTYPES = YES;
				CLANG_WARN_SUSPICIOUS_MOVE = YES;
				CLANG_WARN_UNGUARDED_AVAILABILITY = YES_AGGRESSIVE;
				CLANG_WARN_UNREACHABLE_CODE = YES;
				CLANG_WARN__DUPLICATE_METHOD_MATCH = YES;
				COPY_PHASE_STRIP = NO;
				DEBUG_INFORMATION_FORMAT = "dwarf-with-dsym";
				ENABLE_NS_ASSERTIONS = NO;
				ENABLE_STRICT_OBJC_MSGSEND = YES;
				GCC_C_LANGUAGE_STANDARD = gnu11;
				GCC_NO_COMMON_BLOCKS = YES;
				GCC_WARN_64_TO_32_BIT_CONVERSION = YES;
				GCC_WARN_ABOUT_RETURN_TYPE = YES_ERROR;
				GCC_WARN_UNDECLARED_SELECTOR = YES;
				GCC_WARN_UNINITIALIZED_AUTOS = YES_AGGRESSIVE;
				GCC_WARN_UNUSED_FUNCTION = YES;
				GCC_WARN_UNUSED_VARIABLE = YES;
				IPHONEOS_DEPLOYMENT_TARGET = 14.5;
				MTL_ENABLE_DEBUG_INFO = NO;
				MTL_FAST_MATH = YES;
				SDKROOT = iphoneos;
				SWIFT_COMPILATION_MODE = wholemodule;
				SWIFT_OPTIMIZATION_LEVEL = "-O";
				VALIDATE_PRODUCT = YES;
			};
			name = Release;
		};
		9F5CE5C726C0C75D00C3BD9C /* Debug */ = {
			isa = XCBuildConfiguration;
			baseConfigurationReference = F83D67E8044232A5D65DB14D /* Pods-TestMap.debug.xcconfig */;
			buildSettings = {
				ASSETCATALOG_COMPILER_APPICON_NAME = AppIcon;
				ASSETCATALOG_COMPILER_GLOBAL_ACCENT_COLOR_NAME = AccentColor;
				CODE_SIGN_STYLE = Automatic;
				DEVELOPMENT_TEAM = TDJCD6CJ4D;
				INFOPLIST_FILE = TestMap/Info.plist;
				LD_RUNPATH_SEARCH_PATHS = (
					"$(inherited)",
					"@executable_path/Frameworks",
				);
				PRODUCT_BUNDLE_IDENTIFIER = kr.co.ym.TestMap;
				PRODUCT_NAME = "$(TARGET_NAME)";
				SWIFT_VERSION = 5.0;
				TARGETED_DEVICE_FAMILY = "1,2";
			};
			name = Debug;
		};
		9F5CE5C826C0C75D00C3BD9C /* Release */ = {
			isa = XCBuildConfiguration;
			baseConfigurationReference = 3F432A91BB39470ACC4DA5E8 /* Pods-TestMap.release.xcconfig */;
			buildSettings = {
				ASSETCATALOG_COMPILER_APPICON_NAME = AppIcon;
				ASSETCATALOG_COMPILER_GLOBAL_ACCENT_COLOR_NAME = AccentColor;
				CODE_SIGN_STYLE = Automatic;
				DEVELOPMENT_TEAM = TDJCD6CJ4D;
				INFOPLIST_FILE = TestMap/Info.plist;
				LD_RUNPATH_SEARCH_PATHS = (
					"$(inherited)",
					"@executable_path/Frameworks",
				);
				PRODUCT_BUNDLE_IDENTIFIER = kr.co.ym.TestMap;
				PRODUCT_NAME = "$(TARGET_NAME)";
				SWIFT_VERSION = 5.0;
				TARGETED_DEVICE_FAMILY = "1,2";
			};
			name = Release;
		};
/* End XCBuildConfiguration section */

/* Begin XCConfigurationList section */
		9F5CE5AD26C0C75D00C3BD9C /* Build configuration list for PBXProject "TestMap" */ = {
			isa = XCConfigurationList;
			buildConfigurations = (
				9F5CE5C426C0C75D00C3BD9C /* Debug */,
				9F5CE5C526C0C75D00C3BD9C /* Release */,
			);
			defaultConfigurationIsVisible = 0;
			defaultConfigurationName = Release;
		};
		9F5CE5C626C0C75D00C3BD9C /* Build configuration list for PBXNativeTarget "TestMap" */ = {
			isa = XCConfigurationList;
			buildConfigurations = (
				9F5CE5C726C0C75D00C3BD9C /* Debug */,
				9F5CE5C826C0C75D00C3BD9C /* Release */,
			);
			defaultConfigurationIsVisible = 0;
			defaultConfigurationName = Release;
		};
/* End XCConfigurationList section */
	};
	rootObject = 9F5CE5AA26C0C75D00C3BD9C /* Project object */;
}
